
Microsoft Visual Studio Solution File, Format Version 12.00
# Visual Studio Version 17
VisualStudioVersion = 17.0.31903.59
MinimumVisualStudioVersion = 10.0.40219.1
Project("{9A19103F-16F7-4668-BE54-9A1E7A4F7556}") = "Examen_Desarrollo_BCP.Server", "Examen_Desarrollo_BCP\Server\Examen_Desarrollo_BCP.Server.csproj", "{4F787A53-7C8B-4AC4-B14E-CD0E0756C458}"
EndProject
Project("{9A19103F-16F7-4668-BE54-9A1E7A4F7556}") = "Examen_Desarrollo_BCP.Client", "Examen_Desarrollo_BCP\Client\Examen_Desarrollo_BCP.Client.csproj", "{BC4F51F0-C4A1-4AF2-980B-C0DD76CA5FBB}"
EndProject
Project("{9A19103F-16F7-4668-BE54-9A1E7A4F7556}") = "Examen_Desarrollo_BCP.Shared", "Examen_Desarrollo_BCP\Shared\Examen_Desarrollo_BCP.Shared.csproj", "{6F72D65B-D9B5-49A8-B331-026992AEF243}"
EndProject
Project("{00D1A9C2-B5F0-4AF3-8072-F6C62B433612}") = "BCP_DB", "BCP_DB\BCP_DB.sqlproj", "{562B05DD-51E8-4E20-A649-ECF4FEBDB75C}"
EndProject
Project("{2150E333-8FDC-42A3-9474-1A3956D46DE8}") = "Solution Items", "Solution Items", "{26186E2D-194A-46AC-A067-A3F97BBAFA93}"
	ProjectSection(SolutionItems) = preProject
		.editorconfig = .editorconfig
		Readme.md = Readme.md
	EndProjectSection
EndProject
Global
	GlobalSection(SolutionConfigurationPlatforms) = preSolution
		Debug|Any CPU = Debug|Any CPU
		Release|Any CPU = Release|Any CPU
	EndGlobalSection
	GlobalSection(ProjectConfigurationPlatforms) = postSolution
		{4F787A53-7C8B-4AC4-B14E-CD0E0756C458}.Debug|Any CPU.ActiveCfg = Debug|Any CPU
		{4F787A53-7C8B-4AC4-B14E-CD0E0756C458}.Debug|Any CPU.Build.0 = Debug|Any CPU
		{4F787A53-7C8B-4AC4-B14E-CD0E0756C458}.Release|Any CPU.ActiveCfg = Release|Any CPU
		{4F787A53-7C8B-4AC4-B14E-CD0E0756C458}.Release|Any CPU.Build.0 = Release|Any CPU
		{BC4F51F0-C4A1-4AF2-980B-C0DD76CA5FBB}.Debug|Any CPU.ActiveCfg = Debug|Any CPU
		{BC4F51F0-C4A1-4AF2-980B-C0DD76CA5FBB}.Debug|Any CPU.Build.0 = Debug|Any CPU
		{BC4F51F0-C4A1-4AF2-980B-C0DD76CA5FBB}.Release|Any CPU.ActiveCfg = Release|Any CPU
		{BC4F51F0-C4A1-4AF2-980B-C0DD76CA5FBB}.Release|Any CPU.Build.0 = Release|Any CPU
		{6F72D65B-D9B5-49A8-B331-026992AEF243}.Debug|Any CPU.ActiveCfg = Debug|Any CPU
		{6F72D65B-D9B5-49A8-B331-026992AEF243}.Debug|Any CPU.Build.0 = Debug|Any CPU
		{6F72D65B-D9B5-49A8-B331-026992AEF243}.Release|Any CPU.ActiveCfg = Release|Any CPU
		{6F72D65B-D9B5-49A8-B331-026992AEF243}.Release|Any CPU.Build.0 = Release|Any CPU
		{562B05DD-51E8-4E20-A649-ECF4FEBDB75C}.Debug|Any CPU.ActiveCfg = Debug|Any CPU
		{562B05DD-51E8-4E20-A649-ECF4FEBDB75C}.Debug|Any CPU.Build.0 = Debug|Any CPU
		{562B05DD-51E8-4E20-A649-ECF4FEBDB75C}.Debug|Any CPU.Deploy.0 = Debug|Any CPU
		{562B05DD-51E8-4E20-A649-ECF4FEBDB75C}.Release|Any CPU.ActiveCfg = Release|Any CPU
		{562B05DD-51E8-4E20-A649-ECF4FEBDB75C}.Release|Any CPU.Build.0 = Release|Any CPU
		{562B05DD-51E8-4E20-A649-ECF4FEBDB75C}.Release|Any CPU.Deploy.0 = Release|Any CPU
	EndGlobalSection
	GlobalSection(SolutionProperties) = preSolution
		HideSolutionNode = FALSE
	EndGlobalSection
	GlobalSection(ExtensibilityGlobals) = postSolution
		SolutionGuid = {1934027F-D4F1-4E74-9632-74512E633D83}
	EndGlobalSection
EndGlobal
